
Microsoft Visual Studio Solution File, Format Version 12.00
# Visual Studio Version 17
VisualStudioVersion = 17.14.36109.1
MinimumVisualStudioVersion = 10.0.40219.1
Project("{2150E333-8FDC-42A3-9474-1A3956D46DE8}") = "src", "src", "{02EA681E-C7D8-13C7-8484-4AC65E1B71E8}"
EndProject
Project("{2150E333-8FDC-42A3-9474-1A3956D46DE8}") = "Core", "Core", "{6F8489D5-34D0-4765-997D-82F9A045042A}"
EndProject
Project("{2150E333-8FDC-42A3-9474-1A3956D46DE8}") = "Infrastructure", "Infrastructure", "{ACAAD93F-3726-4386-A615-78E311193E00}"
EndProject
Project("{2150E333-8FDC-42A3-9474-1A3956D46DE8}") = "Presentation", "Presentation", "{2C862278-37DC-4DB0-BF69-D2ECCA02E21F}"
EndProject
Project("{FAE04EC0-301F-11D3-BF4B-00C04F79EFBC}") = "LibraryMS.Core.Domain", "LibraryMS.Core.Domain\LibraryMS.Core.Domain.csproj", "{35443DB2-1819-4DF7-8042-5155BDE68490}"
EndProject
Project("{FAE04EC0-301F-11D3-BF4B-00C04F79EFBC}") = "LibraryMS.Core.Application", "LibraryMS.Core.Application\LibraryMS.Core.Application.csproj", "{C156EF7F-331C-4DCD-86C3-D4FB6D76D13B}"
EndProject
Project("{FAE04EC0-301F-11D3-BF4B-00C04F79EFBC}") = "LibraryMS.WebApi", "LibraryMS.WebApi\LibraryMS.WebApi.csproj", "{63428128-46EF-4C74-9F41-080720AE8607}"
EndProject
Project("{FAE04EC0-301F-11D3-BF4B-00C04F79EFBC}") = "LibraryMS.Infrastructure.Identity", "LibraryMS.Infrastructure.Identity\LibraryMS.Infrastructure.Identity.csproj", "{B25EE617-6E7F-4BB3-B8F5-CFEB7AE037DD}"
EndProject
Project("{FAE04EC0-301F-11D3-BF4B-00C04F79EFBC}") = "LibraryMS.Infrastructure.Persistence", "LibraryMS.Infrastructure.Persistence\LibraryMS.Infrastructure.Persistence.csproj", "{2D0F404E-AC60-4EED-B8AC-BC06D371B942}"
EndProject
Project("{FAE04EC0-301F-11D3-BF4B-00C04F79EFBC}") = "LibraryMS.Infrastructure.Shared", "LibraryMS.Infrastructure.Shared\LibraryMS.Infrastructure.Shared.csproj", "{863BD666-D325-4454-BD0F-C02ED7209391}"
EndProject
Global
	GlobalSection(SolutionConfigurationPlatforms) = preSolution
		Debug|Any CPU = Debug|Any CPU
		Release|Any CPU = Release|Any CPU
	EndGlobalSection
	GlobalSection(ProjectConfigurationPlatforms) = postSolution
		{35443DB2-1819-4DF7-8042-5155BDE68490}.Debug|Any CPU.ActiveCfg = Debug|Any CPU
		{35443DB2-1819-4DF7-8042-5155BDE68490}.Debug|Any CPU.Build.0 = Debug|Any CPU
		{35443DB2-1819-4DF7-8042-5155BDE68490}.Release|Any CPU.ActiveCfg = Release|Any CPU
		{35443DB2-1819-4DF7-8042-5155BDE68490}.Release|Any CPU.Build.0 = Release|Any CPU
		{C156EF7F-331C-4DCD-86C3-D4FB6D76D13B}.Debug|Any CPU.ActiveCfg = Debug|Any CPU
		{C156EF7F-331C-4DCD-86C3-D4FB6D76D13B}.Debug|Any CPU.Build.0 = Debug|Any CPU
		{C156EF7F-331C-4DCD-86C3-D4FB6D76D13B}.Release|Any CPU.ActiveCfg = Release|Any CPU
		{C156EF7F-331C-4DCD-86C3-D4FB6D76D13B}.Release|Any CPU.Build.0 = Release|Any CPU
		{63428128-46EF-4C74-9F41-080720AE8607}.Debug|Any CPU.ActiveCfg = Debug|Any CPU
		{63428128-46EF-4C74-9F41-080720AE8607}.Debug|Any CPU.Build.0 = Debug|Any CPU
		{63428128-46EF-4C74-9F41-080720AE8607}.Release|Any CPU.ActiveCfg = Release|Any CPU
		{63428128-46EF-4C74-9F41-080720AE8607}.Release|Any CPU.Build.0 = Release|Any CPU
		{B25EE617-6E7F-4BB3-B8F5-CFEB7AE037DD}.Debug|Any CPU.ActiveCfg = Debug|Any CPU
		{B25EE617-6E7F-4BB3-B8F5-CFEB7AE037DD}.Debug|Any CPU.Build.0 = Debug|Any CPU
		{B25EE617-6E7F-4BB3-B8F5-CFEB7AE037DD}.Release|Any CPU.ActiveCfg = Release|Any CPU
		{B25EE617-6E7F-4BB3-B8F5-CFEB7AE037DD}.Release|Any CPU.Build.0 = Release|Any CPU
		{2D0F404E-AC60-4EED-B8AC-BC06D371B942}.Debug|Any CPU.ActiveCfg = Debug|Any CPU
		{2D0F404E-AC60-4EED-B8AC-BC06D371B942}.Debug|Any CPU.Build.0 = Debug|Any CPU
		{2D0F404E-AC60-4EED-B8AC-BC06D371B942}.Release|Any CPU.ActiveCfg = Release|Any CPU
		{2D0F404E-AC60-4EED-B8AC-BC06D371B942}.Release|Any CPU.Build.0 = Release|Any CPU
		{863BD666-D325-4454-BD0F-C02ED7209391}.Debug|Any CPU.ActiveCfg = Debug|Any CPU
		{863BD666-D325-4454-BD0F-C02ED7209391}.Debug|Any CPU.Build.0 = Debug|Any CPU
		{863BD666-D325-4454-BD0F-C02ED7209391}.Release|Any CPU.ActiveCfg = Release|Any CPU
		{863BD666-D325-4454-BD0F-C02ED7209391}.Release|Any CPU.Build.0 = Release|Any CPU
	EndGlobalSection
	GlobalSection(SolutionProperties) = preSolution
		HideSolutionNode = FALSE
	EndGlobalSection
	GlobalSection(NestedProjects) = preSolution
		{6F8489D5-34D0-4765-997D-82F9A045042A} = {02EA681E-C7D8-13C7-8484-4AC65E1B71E8}
		{ACAAD93F-3726-4386-A615-78E311193E00} = {02EA681E-C7D8-13C7-8484-4AC65E1B71E8}
		{2C862278-37DC-4DB0-BF69-D2ECCA02E21F} = {02EA681E-C7D8-13C7-8484-4AC65E1B71E8}
		{35443DB2-1819-4DF7-8042-5155BDE68490} = {6F8489D5-34D0-4765-997D-82F9A045042A}
		{C156EF7F-331C-4DCD-86C3-D4FB6D76D13B} = {6F8489D5-34D0-4765-997D-82F9A045042A}
		{63428128-46EF-4C74-9F41-080720AE8607} = {2C862278-37DC-4DB0-BF69-D2ECCA02E21F}
		{B25EE617-6E7F-4BB3-B8F5-CFEB7AE037DD} = {ACAAD93F-3726-4386-A615-78E311193E00}
		{2D0F404E-AC60-4EED-B8AC-BC06D371B942} = {ACAAD93F-3726-4386-A615-78E311193E00}
		{863BD666-D325-4454-BD0F-C02ED7209391} = {ACAAD93F-3726-4386-A615-78E311193E00}
	EndGlobalSection
	GlobalSection(ExtensibilityGlobals) = postSolution
		SolutionGuid = {1B911AF7-4F88-40A3-B7A7-51852567F03E}
	EndGlobalSection
EndGlobal
